PATH
  remote: .
  specs:
    shoryuken (7.0.2)
      aws-sdk-sqs (>= 1.66.0)
      concurrent-ruby
      thor
      zeitwerk (~> 2.6)

GEM
  remote: https://rubygems.org/
  specs:
    activejob (8.1.3)
      activesupport (= 8.1.3)
      globalid (>= 0.3.6)
    activesupport (8.1.3)
      base64
      bigdecimal
      concurrent-ruby (~> 1.0, >= 1.3.1)
      connection_pool (>= 2.2.5)
      drb
      i18n (>= 1.6, < 2)
      json
      logger (>= 1.4.2)
      minitest (>= 5.1)
      securerandom (>= 0.3)
      tzinfo (~> 2.0, >= 2.0.5)
      uri (>= 0.13.1)
    ast (2.4.3)
    aws-eventstream (1.4.0)
    aws-partitions (1.1260.0)
    aws-sdk-core (3.252.0)
      aws-eventstream (~> 1, >= 1.3.0)
      aws-partitions (~> 1, >= 1.992.0)
      aws-sigv4 (~> 1.9)
      base64
      bigdecimal
      jmespath (~> 1, >= 1.6.1)
      logger
    aws-sdk-sqs (1.116.0)
      aws-sdk-core (~> 3, >= 3.248.0)
      aws-sigv4 (~> 1.5)
    aws-sigv4 (1.12.1)
      aws-eventstream (~> 1, >= 1.0.2)
    base64 (0.3.0)
    bigdecimal (4.1.2)
    byebug (13.0.0)
      reline (>= 0.6.0)
    coderay (1.1.3)
    concurrent-ruby (1.3.6)
    connection_pool (3.0.2)
    csv (3.3.5)
    diff-lcs (1.6.2)
    docile (1.4.1)
    dotenv (3.2.0)
    drb (2.2.3)
    globalid (1.3.0)
      activesupport (>= 6.1)
    httparty (0.24.2)
      csv
      mini_mime (>= 1.0.0)
      multi_xml (>= 0.5.2)
    i18n (1.14.8)
      concurrent-ruby (~> 1.0)
    io-console (0.8.2)
    irb (1.18.0)
      pp (>= 0.6.0)
      prism (>= 1.3.0)
      rdoc (>= 4.0.0)
      reline (>= 0.4.2)
    jmespath (1.6.2)
    json (2.19.9)
    logger (1.7.0)
    method_source (1.1.0)
    mini_mime (1.1.5)
    minitest (6.0.6)
      drb (~> 2.0)
      prism (~> 1.5)
    multi_xml (0.9.1)
      bigdecimal (>= 3.1, < 5)
    mutant (0.15.1)
      diff-lcs (>= 1.6, < 3)
      irb (~> 1.15)
      parser (~> 3.3.10)
      regexp_parser (~> 2.10)
      sorbet-runtime (~> 0.6.0)
      unparser (~> 0.8.2)
    mutant-rspec (0.15.1)
      mutant (= 0.15.1)
      rspec-core (>= 3.8.0, < 5.0.0)
    ostruct (0.6.3)
    parser (3.3.11.1)
      ast (~> 2.4.1)
      racc
    pp (0.6.3)
      prettyprint
    prettyprint (0.1.1)
    prism (1.9.0)
    pry (0.16.0)
      coderay (~> 1.1)
      method_source (~> 1.0)
      reline (>= 0.6.0)
    pry-byebug (3.12.0)
      byebug (~> 13.0)
      pry (>= 0.13, < 0.17)
    psych (5.0.1)
      stringio
    racc (1.6.2)
    rake (13.4.2)
    rdoc (6.5.1.1)
      psych (>= 4.0.0)
    regexp_parser (2.12.0)
    reline (0.6.3)
      io-console (~> 0.5)
    rspec (3.13.2)
      rspec-core (~> 3.13.0)
      rspec-expectations (~> 3.13.0)
      rspec-mocks (~> 3.13.0)
    rspec-core (3.13.6)
      rspec-support (~> 3.13.0)
    rspec-expectations (3.13.5)
      diff-lcs (>= 1.2.0, < 2.0)
      rspec-support (~> 3.13.0)
    rspec-mocks (3.13.8)
      diff-lcs (>= 1.2.0, < 2.0)
      rspec-support (~> 3.13.0)
    rspec-support (3.13.7)
    securerandom (0.4.1)
    simplecov (0.22.0)
      docile (~> 1.1)
      simplecov-html (~> 0.11)
      simplecov_json_formatter (~> 0.1)
    simplecov-html (0.13.2)
    simplecov_json_formatter (0.1.4)
    sorbet-runtime (0.6.13298)
    stringio (3.0.4)
    thor (1.5.0)
    tzinfo (2.0.6)
      concurrent-ruby (~> 1.0)
    unparser (0.8.2)
      diff-lcs (>= 1.6, < 3)
      parser (>= 3.3.0)
      prism (>= 1.5.1)
    uri (1.1.1)
    warning (1.6.0)
    zeitwerk (2.8.2)

PLATFORMS
  ruby
  x86_64-linux

DEPENDENCIES
  activejob
  dotenv
  httparty
  multi_xml
  mutant (= 0.15.1)
  mutant-rspec (= 0.15.1)
  ostruct
  pry-byebug
  rake
  rspec
  shoryuken!
  simplecov
  warning

CHECKSUMS
  activejob (8.1.3) sha256=a149b1766aa8204c3c3da7309e4becd40fcd5529c348cffbf6c9b16b565fe8d3
  activesupport (8.1.3) sha256=21a5e0dfbd4c3ddd9e1317ec6a4d782fa226e7867dc70b0743acda81a1dca20e
  ast (2.4.3) sha256=954615157c1d6a382bc27d690d973195e79db7f55e9765ac7c481c60bdb4d383
  aws-eventstream (1.4.0) sha256=116bf85c436200d1060811e6f5d2d40c88f65448f2125bc77ffce5121e6e183b
  aws-partitions (1.1260.0) sha256=045aff79be010126538f39e03141088e1fd2428d2d065e220e7fb3c3ba2b337a
  aws-sdk-core (3.252.0) sha256=09c042cbfc2acf2239441cc9b982ebab2a999bed2ef6bdc51849e7b3d6e48a1c
  aws-sdk-sqs (1.116.0) sha256=6378f95b0bd4acc8296aa4089983e7da0e50b4a306afd13f9d44f691c9dcbbe3
  aws-sigv4 (1.12.1) sha256=6973ff95cb0fd0dc58ba26e90e9510a2219525d07620c8babeb70ef831826c00
  base64 (0.3.0) sha256=27337aeabad6ffae05c265c450490628ef3ebd4b67be58257393227588f5a97b
  bigdecimal (4.1.2) sha256=53d217666027eab4280346fba98e7d5b66baaae1b9c3c1c0ffe89d48188a3fbd
  bundler (4.0.14) sha256=d09a0a965cf772266a7e49e83610be7c2f4e49e61134c42a56804bb383cc24b8
  byebug (13.0.0) sha256=d2263efe751941ca520fa29744b71972d39cbc41839496706f5d9b22e92ae05d
  coderay (1.1.3) sha256=dc530018a4684512f8f38143cd2a096c9f02a1fc2459edcfe534787a7fc77d4b
  concurrent-ruby (1.3.6) sha256=6b56837e1e7e5292f9864f34b69c5a2cbc75c0cf5338f1ce9903d10fa762d5ab
  connection_pool (3.0.2) sha256=33fff5ba71a12d2aa26cb72b1db8bba2a1a01823559fb01d29eb74c286e62e0a
  csv (3.3.5) sha256=6e5134ac3383ef728b7f02725d9872934f523cb40b961479f69cf3afa6c8e73f
  diff-lcs (1.6.2) sha256=9ae0d2cba7d4df3075fe8cd8602a8604993efc0dfa934cff568969efb1909962
  docile (1.4.1) sha256=96159be799bfa73cdb721b840e9802126e4e03dfc26863db73647204c727f21e
  dotenv (3.2.0) sha256=e375b83121ea7ca4ce20f214740076129ab8514cd81378161f11c03853fe619d
  drb (2.2.3) sha256=0b00d6fdb50995fe4a45dea13663493c841112e4068656854646f418fda13373
  globalid (1.3.0) sha256=05c639ad6eb4594522a0b07983022f04aa7254626ab69445a0e493aa3786ff11
  httparty (0.24.2) sha256=8fca6a54aa0c4aa4303a0fd33e5e2156175d6a5334f714263b458abd7fda9c38
  i18n (1.14.8) sha256=285778639134865c5e0f6269e0b818256017e8cde89993fdfcbfb64d088824a5
  io-console (0.8.2) sha256=d6e3ae7a7cc7574f4b8893b4fca2162e57a825b223a177b7afa236c5ef9814cc
  irb (1.18.0) sha256=de9454a0703a54704b9811a5ef31a60c86949fbf4013fcf244fabc7c775248e3
  jmespath (1.6.2) sha256=238d774a58723d6c090494c8879b5e9918c19485f7e840f2c1c7532cf84ebcb1
  json (2.19.9) sha256=9b9025b7cdddafa38d316eca0b2358488e42d417045c1b90d216a9fefe46b79a
  logger (1.7.0) sha256=196edec7cc44b66cfb40f9755ce11b392f21f7967696af15d274dde7edff0203
  method_source (1.1.0) sha256=181301c9c45b731b4769bc81e8860e72f9161ad7d66dd99103c9ab84f560f5c5
  mini_mime (1.1.5) sha256=8681b7e2e4215f2a159f9400b5816d85e9d8c6c6b491e96a12797e798f8bccef
  minitest (6.0.6) sha256=153ea36d1d987a62942382b61075745042a2b3123b1cd48f4c3675af9cc7d6f1
  multi_xml (0.9.1) sha256=7ce766b59c17241ed62976caeae1fae9b2431b263398c35396239a68c4a64e57
  mutant (0.15.1) sha256=432d0143d5e81f5178e46c120ef11cda30e5dca1f802fc14f258f7f06d1b4194
  mutant-rspec (0.15.1) sha256=d2ac75b17eeb9c0ea3e1ebd34436136a5c1e6d19a9b4f72fd4ddfe7126c4a622
  ostruct (0.6.3) sha256=95a2ed4a4bd1d190784e666b47b2d3f078e4a9efda2fccf18f84ddc6538ed912
  parser (3.3.11.1) sha256=d17ace7aabe3e72c3cc94043714be27cc6f852f104d81aa284c2281aecc65d54
  pp (0.6.3) sha256=2951d514450b93ccfeb1df7d021cae0da16e0a7f95ee1e2273719669d0ab9df6
  prettyprint (0.1.1) sha256=fd112623243127d8c95c32997e78aa91c7d4d99a4abe25bb0e8ae2d7f9baab13
  prism (1.9.0) sha256=7b530c6a9f92c24300014919c9dcbc055bf4cdf51ec30aed099b06cd6674ef85
  pry (0.16.0) sha256=d76c69065698ed1f85e717bd33d7942c38a50868f6b0673c636192b3d1b6054e
  pry-byebug (3.12.0) sha256=594e094ae8a8390a7ad4c7b36ae36e13304ed02664c67417d108dc5f7213d1b7
  psych (5.0.1) sha256=43264252cc33b8e626fb940cddc7379d00f7583500680da32c74a54bd9b000d0
  racc (1.6.2) sha256=58d26b3666382396fea84d33dc0639b7ee8d704156a52f8f22681f07b2f94f26
  rake (13.4.2) sha256=cb825b2bd5f1f8e91ca37bddb4b9aaf345551b4731da62949be002fa89283701
  rdoc (6.5.1.1) sha256=39e4903cd6d45c215749cb2ef901bc1cfd647b44d1f15184d3b5196d1abdc3e0
  regexp_parser (2.12.0) sha256=35a916a1d63190ab5c9009457136ae5f3c0c7512d60291d0d1378ba18ce08ebb
  reline (0.6.3) sha256=1198b04973565b36ec0f11542ab3f5cfeeec34823f4e54cebde90968092b1835
  rspec (3.13.2) sha256=206284a08ad798e61f86d7ca3e376718d52c0bc944626b2349266f239f820587
  rspec-core (3.13.6) sha256=a8823c6411667b60a8bca135364351dda34cd55e44ff94c4be4633b37d828b2d
  rspec-expectations (3.13.5) sha256=33a4d3a1d95060aea4c94e9f237030a8f9eae5615e9bd85718fe3a09e4b58836
  rspec-mocks (3.13.8) sha256=086ad3d3d17533f4237643de0b5c42f04b66348c28bf6b9c2d3f4a3b01af1d47
  rspec-support (3.13.7) sha256=0640e5570872aafefd79867901deeeeb40b0c9875a36b983d85f54fb7381c47c
  securerandom (0.4.1) sha256=cc5193d414a4341b6e225f0cb4446aceca8e50d5e1888743fac16987638ea0b1
  shoryuken (7.0.2)
  simplecov (0.22.0) sha256=fe2622c7834ff23b98066bb0a854284b2729a569ac659f82621fc22ef36213a5
  simplecov-html (0.13.2) sha256=bd0b8e54e7c2d7685927e8d6286466359b6f16b18cb0df47b508e8d73c777246
  simplecov_json_formatter (0.1.4) sha256=529418fbe8de1713ac2b2d612aa3daa56d316975d307244399fa4838c601b428
  sorbet-runtime (0.6.13298) sha256=a98ba1989e94a7f369783ac9fbdcefaf62b79c910df6c3644be300563c51835a
  stringio (3.0.4) sha256=dc6cb594b258a9d1d1b49f0b89284b94afaef188d61e3b1f3595bf6749c7bf6b
  thor (1.5.0) sha256=e3a9e55fe857e44859ce104a84675ab6e8cd59c650a49106a05f55f136425e73
  tzinfo (2.0.6) sha256=8daf828cc77bcf7d63b0e3bdb6caa47e2272dcfaf4fbfe46f8c3a9df087a829b
  unparser (0.8.2) sha256=654af48a6cfa25baf145563e01f40c60ca7d5c7520ff506912d0bb2f1240fd00
  uri (1.1.1) sha256=379fa58d27ffb1387eaada68c749d1426738bd0f654d812fcc07e7568f5c57c6
  warning (1.6.0) sha256=a49cdfae19fb77d19afff2efbe45f8ab759e9cd25b4e4ce2c79dbaf46bdb6c9e
  zeitwerk (2.8.2) sha256=7212a61311083c604184b1ea2574b9aa05cd14f855a0841c06985cabe9181d12

BUNDLED WITH
  4.0.14
